// !$*UTF8*$!
{
	archiveVersion = 1;
	classes = {
	};
	objectVersion = 50;
	objects = {

/* Begin PBXBuildFile section */
		043C8D0C25247BEF00D7AF4E /* AppDelegate.swift in Sources */ = {isa = PBXBuildFile; fileRef = 043C8D0B25247BEF00D7AF4E /* AppDelegate.swift */; };
		043C8D0E25247BEF00D7AF4E /* SceneDelegate.swift in Sources */ = {isa = PBXBuildFile; fileRef = 043C8D0D25247BEF00D7AF4E /* SceneDelegate.swift */; };
		043C8D1025247BEF00D7AF4E /* ViewController.swift in Sources */ = {isa = PBXBuildFile; fileRef = 043C8D0F25247BEF00D7AF4E /* ViewController.swift */; };
		043C8D1325247BEF00D7AF4E /* Main.storyboard in Resources */ = {isa = PBXBuildFile; fileRef = 043C8D1125247BEF00D7AF4E /* Main.storyboard */; };
		043C8D1525247BF000D7AF4E /* Assets.xcassets in Resources */ = {isa = PBXBuildFile; fileRef = 043C8D1425247BF000D7AF4E /* Assets.xcassets */; };
		043C8D1825247BF000D7AF4E /* LaunchScreen.storyboard in Resources */ = {isa = PBXBuildFile; fileRef = 043C8D1625247BF000D7AF4E /* LaunchScreen.storyboard */; };
		043C8D2325247BF100D7AF4E /* tBeaconScannerTests.swift in Sources */ = {isa = PBXBuildFile; fileRef = 043C8D2225247BF100D7AF4E /* tBeaconScannerTests.swift */; };
		043C8D2E25247BF100D7AF4E /* tBeaconScannerUITests.swift in Sources */ = {isa = PBXBuildFile; fileRef = 043C8D2D25247BF100D7AF4E /* tBeaconScannerUITests.swift */; };
/* End PBXBuildFile section */

/* Begin PBXContainerItemProxy section */
		043C8D1F25247BF100D7AF4E /* PBXContainerItemProxy */ = {
			isa = PBXContainerItemProxy;
			containerPortal = 043C8D0025247BEF00D7AF4E /* Project object */;
			proxyType = 1;
			remoteGlobalIDString = 043C8D0725247BEF00D7AF4E;
			remoteInfo = tBeaconScanner;
		};
		043C8D2A25247BF100D7AF4E /* PBXContainerItemProxy */ = {
			isa = PBXContainerItemProxy;
			containerPortal = 043C8D0025247BEF00D7AF4E /* Project object */;
			proxyType = 1;
			remoteGlobalIDString = 043C8D0725247BEF00D7AF4E;
			remoteInfo = tBeaconScanner;
		};
/* End PBXContainerItemProxy section */

/* Begin PBXFileReference section */
		043C8D0825247BEF00D7AF4E /* tBeaconScanner.app */ = {isa = PBXFileReference; explicitFileType = wrapper.application; includeInIndex = 0; path = tBeaconScanner.app; sourceTree = BUILT_PRODUCTS_DIR; };
		043C8D0B25247BEF00D7AF4E /* AppDelegate.swift */ = {isa = PBXFileReference; lastKnownFileType = sourcecode.swift; path = AppDelegate.swift; sourceTree = "<group>"; };
		043C8D0D25247BEF00D7AF4E /* SceneDelegate.swift */ = {isa = PBXFileReference; lastKnownFileType = sourcecode.swift; path = SceneDelegate.swift; sourceTree = "<group>"; };
		043C8D0F25247BEF00D7AF4E /* ViewController.swift */ = {isa = PBXFileReference; lastKnownFileType = sourcecode.swift; path = ViewController.swift; sourceTree = "<group>"; };
		043C8D1225247BEF00D7AF4E /* Base */ = {isa = PBXFileReference; lastKnownFileType = file.storyboard; name = Base; path = Base.lproj/Main.storyboard; sourceTree = "<group>"; };
		043C8D1425247BF000D7AF4E /* Assets.xcassets */ = {isa = PBXFileReference; lastKnownFileType = folder.assetcatalog; path = Assets.xcassets; sourceTree = "<group>"; };
		043C8D1725247BF000D7AF4E /* Base */ = {isa = PBXFileReference; lastKnownFileType = file.storyboard; name = Base; path = Base.lproj/LaunchScreen.storyboard; sourceTree = "<group>"; };
		043C8D1925247BF000D7AF4E /* Info.plist */ = {isa = PBXFileReference; lastKnownFileType = text.plist.xml; path = Info.plist; sourceTree = "<group>"; };
		043C8D1E25247BF100D7AF4E /* tBeaconScannerTests.xctest */ = {isa = PBXFileReference; explicitFileType = wrapper.cfbundle; includeInIndex = 0; path = tBeaconScannerTests.xctest; sourceTree = BUILT_PRODUCTS_DIR; };
		043C8D2225247BF100D7AF4E /* tBeaconScannerTests.swift */ = {isa = PBXFileReference; lastKnownFileType = sourcecode.swift; path = tBeaconScannerTests.swift; sourceTree = "<group>"; };
		043C8D2425247BF100D7AF4E /* Info.plist */ = {isa = PBXFileReference; lastKnownFileType = text.plist.xml; path = Info.plist; sourceTree = "<group>"; };
		043C8D2925247BF100D7AF4E /* tBeaconScannerUITests.xctest */ = {isa = PBXFileReference; explicitFileType = wrapper.cfbundle; includeInIndex = 0; path = tBeaconScannerUITests.xctest; sourceTree = BUILT_PRODUCTS_DIR; };
		043C8D2D25247BF100D7AF4E /* tBeaconScannerUITests.swift */ = {isa = PBXFileReference; lastKnownFileType = sourcecode.swift; path = tBeaconScannerUITests.swift; sourceTree = "<group>"; };
		043C8D2F25247BF100D7AF4E /* Info.plist */ = {isa = PBXFileReference; lastKnownFileType = text.plist.xml; path = Info.plist; sourceTree = "<group>"; };
/* End PBXFileReference section */

/* Begin PBXFrameworksBuildPhase section */
		043C8D0525247BEF00D7AF4E /* Frameworks */ = {
			isa = PBXFrameworksBuildPhase;
			buildActionMask = 2147483647;
			files = (
			);
			runOnlyForDeploymentPostprocessing = 0;
		};
		043C8D1B25247BF100D7AF4E /* Frameworks */ = {
			isa = PBXFrameworksBuildPhase;
			buildActionMask = 2147483647;
			files = (
			);
			runOnlyForDeploymentPostprocessing = 0;
		};
		043C8D2625247BF100D7AF4E /* Frameworks */ = {
			isa = PBXFrameworksBuildPhase;
			buildActionMask = 2147483647;
			files = (
			);
			runOnlyForDeploymentPostprocessing = 0;
		};
/* End PBXFrameworksBuildPhase section */

/* Begin PBXGroup section */
		043C8CFF25247BEF00D7AF4E = {
			isa = PBXGroup;
			children = (
				043C8D0A25247BEF00D7AF4E /* tBeaconScanner */,
				043C8D2125247BF100D7AF4E /* tBeaconScannerTests */,
				043C8D2C25247BF100D7AF4E /* tBeaconScannerUITests */,
				043C8D0925247BEF00D7AF4E /* Products */,
			);
			sourceTree = "<group>";
		};
		043C8D0925247BEF00D7AF4E /* Products */ = {
			isa = PBXGroup;
			children = (
				043C8D0825247BEF00D7AF4E /* tBeaconScanner.app */,
				043C8D1E25247BF100D7AF4E /* tBeaconScannerTests.xctest */,
				043C8D2925247BF100D7AF4E /* tBeaconScannerUITests.xctest */,
			);
			name = Products;
			sourceTree = "<group>";
		};
		043C8D0A25247BEF00D7AF4E /* tBeaconScanner */ = {
			isa = PBXGroup;
			children = (
				043C8D0B25247BEF00D7AF4E /* AppDelegate.swift */,
				043C8D0D25247BEF00D7AF4E /* SceneDelegate.swift */,
				043C8D0F25247BEF00D7AF4E /* ViewController.swift */,
				043C8D1125247BEF00D7AF4E /* Main.storyboard */,
				043C8D1425247BF000D7AF4E /* Assets.xcassets */,
				043C8D1625247BF000D7AF4E /* LaunchScreen.storyboard */,
				043C8D1925247BF000D7AF4E /* Info.plist */,
			);
			path = tBeaconScanner;
			sourceTree = "<group>";
		};
		043C8D2125247BF100D7AF4E /* tBeaconScannerTests */ = {
			isa = PBXGroup;
			children = (
				043C8D2225247BF100D7AF4E /* tBeaconScannerTests.swift */,
				043C8D2425247BF100D7AF4E /* Info.plist */,
			);
			path = tBeaconScannerTests;
			sourceTree = "<group>";
		};
		043C8D2C25247BF100D7AF4E /* tBeaconScannerUITests */ = {
			isa = PBXGroup;
			children = (
				043C8D2D25247BF100D7AF4E /* tBeaconScannerUITests.swift */,
				043C8D2F25247BF100D7AF4E /* Info.plist */,
			);
			path = tBeaconScannerUITests;
			sourceTree = "<group>";
		};
/* End PBXGroup section */

/* Begin PBXNativeTarget section */
		043C8D0725247BEF00D7AF4E /* tBeaconScanner */ = {
			isa = PBXNativeTarget;
			buildConfigurationList = 043C8D3225247BF100D7AF4E /* Build configuration list for PBXNativeTarget "tBeaconScanner" */;
			buildPhases = (
				043C8D0425247BEF00D7AF4E /* Sources */,
				043C8D0525247BEF00D7AF4E /* Frameworks */,
				043C8D0625247BEF00D7AF4E /* Resources */,
			);
			buildRules = (
			);
			dependencies = (
			);
			name = tBeaconScanner;
			productName = tBeaconScanner;
			productReference = 043C8D0825247BEF00D7AF4E /* tBeaconScanner.app */;
			productType = "com.apple.product-type.application";
		};
		043C8D1D25247BF100D7AF4E /* tBeaconScannerTests */ = {
			isa = PBXNativeTarget;
			buildConfigurationList = 043C8D3525247BF100D7AF4E /* Build configuration list for PBXNativeTarget "tBeaconScannerTests" */;
			buildPhases = (
				043C8D1A25247BF100D7AF4E /* Sources */,
				043C8D1B25247BF100D7AF4E /* Frameworks */,
				043C8D1C25247BF100D7AF4E /* Resources */,
			);
			buildRules = (
			);
			dependencies = (
				043C8D2025247BF100D7AF4E /* PBXTargetDependency */,
			);
			name = tBeaconScannerTests;
			productName = tBeaconScannerTests;
			productReference = 043C8D1E25247BF100D7AF4E /* tBeaconScannerTests.xctest */;
			productType = "com.apple.product-type.bundle.unit-test";
		};
		043C8D2825247BF100D7AF4E /* tBeaconScannerUITests */ = {
			isa = PBXNativeTarget;
			buildConfigurationList = 043C8D3825247BF100D7AF4E /* Build configuration list for PBXNativeTarget "tBeaconScannerUITests" */;
			buildPhases = (
				043C8D2525247BF100D7AF4E /* Sources */,
				043C8D2625247BF100D7AF4E /* Frameworks */,
				043C8D2725247BF100D7AF4E /* Resources */,
			);
			buildRules = (
			);
			dependencies = (
				043C8D2B25247BF100D7AF4E /* PBXTargetDependency */,
			);
			name = tBeaconScannerUITests;
			productName = tBeaconScannerUITests;
			productReference = 043C8D2925247BF100D7AF4E /* tBeaconScannerUITests.xctest */;
			productType = "com.apple.product-type.bundle.ui-testing";
		};
/* End PBXNativeTarget section */

/* Begin PBXProject section */
		043C8D0025247BEF00D7AF4E /* Project object */ = {
			isa = PBXProject;
			attributes = {
				LastSwiftUpdateCheck = 1200;
				LastUpgradeCheck = 1200;
				TargetAttributes = {
					043C8D0725247BEF00D7AF4E = {
						CreatedOnToolsVersion = 12.0.1;
					};
					043C8D1D25247BF100D7AF4E = {
						CreatedOnToolsVersion = 12.0.1;
						TestTargetID = 043C8D0725247BEF00D7AF4E;
					};
					043C8D2825247BF100D7AF4E = {
						CreatedOnToolsVersion = 12.0.1;
						TestTargetID = 043C8D0725247BEF00D7AF4E;
					};
				};
			};
			buildConfigurationList = 043C8D0325247BEF00D7AF4E /* Build configuration list for PBXProject "tBeaconScanner" */;
			compatibilityVersion = "Xcode 9.3";
			developmentRegion = en;
			hasScannedForEncodings = 0;
			knownRegions = (
				en,
				Base,
			);
			mainGroup = 043C8CFF25247BEF00D7AF4E;
			productRefGroup = 043C8D0925247BEF00D7AF4E /* Products */;
			projectDirPath = "";
			projectRoot = "";
			targets = (
				043C8D0725247BEF00D7AF4E /* tBeaconScanner */,
				043C8D1D25247BF100D7AF4E /* tBeaconScannerTests */,
				043C8D2825247BF100D7AF4E /* tBeaconScannerUITests */,
			);
		};
/* End PBXProject section */

/* Begin PBXResourcesBuildPhase section */
		043C8D0625247BEF00D7AF4E /* Resources */ = {
			isa = PBXResourcesBuildPhase;
			buildActionMask = 2147483647;
			files = (
				043C8D1825247BF000D7AF4E /* LaunchScreen.storyboard in Resources */,
				043C8D1525247BF000D7AF4E /* Assets.xcassets in Resources */,
				043C8D1325247BEF00D7AF4E /* Main.storyboard in Resources */,
			);
			runOnlyForDeploymentPostprocessing = 0;
		};
		043C8D1C25247BF100D7AF4E /* Resources */ = {
			isa = PBXResourcesBuildPhase;
			buildActionMask = 2147483647;
			files = (
			);
			runOnlyForDeploymentPostprocessing = 0;
		};
		043C8D2725247BF100D7AF4E /* Resources */ = {
			isa = PBXResourcesBuildPhase;
			buildActionMask = 2147483647;
			files = (
			);
			runOnlyForDeploymentPostprocessing = 0;
		};
/* End PBXResourcesBuildPhase section */

/* Begin PBXSourcesBuildPhase section */
		043C8D0425247BEF00D7AF4E /* Sources */ = {
			isa = PBXSourcesBuildPhase;
			buildActionMask = 2147483647;
			files = (
				043C8D1025247BEF00D7AF4E /* ViewController.swift in Sources */,
				043C8D0C25247BEF00D7AF4E /* AppDelegate.swift in Sources */,
				043C8D0E25247BEF00D7AF4E /* SceneDelegate.swift in Sources */,
			);
			runOnlyForDeploymentPostprocessing = 0;
		};
		043C8D1A25247BF100D7AF4E /* Sources */ = {
			isa = PBXSourcesBuildPhase;
			buildActionMask = 2147483647;
			files = (
				043C8D2325247BF100D7AF4E /* tBeaconScannerTests.swift in Sources */,
			);
			runOnlyForDeploymentPostprocessing = 0;
		};
		043C8D2525247BF100D7AF4E /* Sources */ = {
			isa = PBXSourcesBuildPhase;
			buildActionMask = 2147483647;
			files = (
				043C8D2E25247BF100D7AF4E /* tBeaconScannerUITests.swift in Sources */,
			);
			runOnlyForDeploymentPostprocessing = 0;
		};
/* End PBXSourcesBuildPhase section */

/* Begin PBXTargetDependency section */
		043C8D2025247BF100D7AF4E /* PBXTargetDependency */ = {
			isa = PBXTargetDependency;
			target = 043C8D0725247BEF00D7AF4E /* tBeaconScanner */;
			targetProxy = 043C8D1F25247BF100D7AF4E /* PBXContainerItemProxy */;
		};
		043C8D2B25247BF100D7AF4E /* PBXTargetDependency */ = {
			isa = PBXTargetDependency;
			target = 043C8D0725247BEF00D7AF4E /* tBeaconScanner */;
			targetProxy = 043C8D2A25247BF100D7AF4E /* PBXContainerItemProxy */;
		};
/* End PBXTargetDependency section */

/* Begin PBXVariantGroup section */
		043C8D1125247BEF00D7AF4E /* Main.storyboard */ = {
			isa = PBXVariantGroup;
			children = (
				043C8D1225247BEF00D7AF4E /* Base */,
			);
			name = Main.storyboard;
			sourceTree = "<group>";
		};
		043C8D1625247BF000D7AF4E /* LaunchScreen.storyboard */ = {
			isa = PBXVariantGroup;
			children = (
				043C8D1725247BF000D7AF4E /* Base */,
			);
			name = LaunchScreen.storyboard;
			sourceTree = "<group>";
		};
/* End PBXVariantGroup section */

/* Begin XCBuildConfiguration section */
		043C8D3025247BF100D7AF4E /* Debug */ = {
			isa = XCBuildConfiguration;
			buildSettings = {
				ALWAYS_SEARCH_USER_PATHS = NO;
				CLANG_ANALYZER_NONNULL = YES;
				CLANG_ANALYZER_NUMBER_OBJECT_CONVERSION = YES_AGGRESSIVE;
				CLANG_CXX_LANGUAGE_STANDARD = "gnu++14";
				CLANG_CXX_LIBRARY = "libc++";
				CLANG_ENABLE_MODULES = YES;
				CLANG_ENABLE_OBJC_ARC = YES;
				CLANG_ENABLE_OBJC_WEAK = YES;
				CLANG_WARN_BLOCK_CAPTURE_AUTORELEASING = YES;
				CLANG_WARN_BOOL_CONVERSION = YES;
				CLANG_WARN_COMMA = YES;
				CLANG_WARN_CONSTANT_CONVERSION = YES;
				CLANG_WARN_DEPRECATED_OBJC_IMPLEMENTATIONS = YES;
				CLANG_WARN_DIRECT_OBJC_ISA_USAGE = YES_ERROR;
				CLANG_WARN_DOCUMENTATION_COMMENTS = YES;
				CLANG_WARN_EMPTY_BODY = YES;
				CLANG_WARN_ENUM_CONVERSION = YES;
				CLANG_WARN_INFINITE_RECURSION = YES;
				CLANG_WARN_INT_CONVERSION = YES;
				CLANG_WARN_NON_LITERAL_NULL_CONVERSION = YES;
				CLANG_WARN_OBJC_IMPLICIT_RETAIN_SELF = YES;
				CLANG_WARN_OBJC_LITERAL_CONVERSION = YES;
				CLANG_WARN_OBJC_ROOT_CLASS = YES_ERROR;
				CLANG_WARN_QUOTED_INCLUDE_IN_FRAMEWORK_HEADER = YES;
				CLANG_WARN_RANGE_LOOP_ANALYSIS = YES;
				CLANG_WARN_STRICT_PROTOTYPES = YES;
				CLANG_WARN_SUSPICIOUS_MOVE = YES;
				CLANG_WARN_UNGUARDED_AVAILABILITY = YES_AGGRESSIVE;
				CLANG_WARN_UNREACHABLE_CODE = YES;
				CLANG_WARN__DUPLICATE_METHOD_MATCH = YES;
				COPY_PHASE_STRIP = NO;
				DEBUG_INFORMATION_FORMAT = dwarf;
				ENABLE_STRICT_OBJC_MSGSEND = YES;
				ENABLE_TESTABILITY = YES;
				GCC_C_LANGUAGE_STANDARD = gnu11;
				GCC_DYNAMIC_NO_PIC = NO;
				GCC_NO_COMMON_BLOCKS = YES;
				GCC_OPTIMIZATION_LEVEL = 0;
				GCC_PREPROCESSOR_DEFINITIONS = (
					"DEBUG=1",
					"$(inherited)",
				);
				GCC_WARN_64_TO_32_BIT_CONVERSION = YES;
				GCC_WARN_ABOUT_RETURN_TYPE = YES_ERROR;
				GCC_WARN_UNDECLARED_SELECTOR = YES;
				GCC_WARN_UNINITIALIZED_AUTOS = YES_AGGRESSIVE;
				GCC_WARN_UNUSED_FUNCTION = YES;
				GCC_WARN_UNUSED_VARIABLE = YES;
				IPHONEOS_DEPLOYMENT_TARGET = 14.0;
				MTL_ENABLE_DEBUG_INFO = INCLUDE_SOURCE;
				MTL_FAST_MATH = YES;
				ONLY_ACTIVE_ARCH = YES;
				SDKROOT = iphoneos;
				SWIFT_ACTIVE_COMPILATION_CONDITIONS = DEBUG;
				SWIFT_OPTIMIZATION_LEVEL = "-Onone";
			};
			name = Debug;
		};
		043C8D3125247BF100D7AF4E /* Release */ = {
			isa = XCBuildConfiguration;
			buildSettings = {
				ALWAYS_SEARCH_USER_PATHS = NO;
				CLANG_ANALYZER_NONNULL = YES;
				CLANG_ANALYZER_NUMBER_OBJECT_CONVERSION = YES_AGGRESSIVE;
				CLANG_CXX_LANGUAGE_STANDARD = "gnu++14";
				CLANG_CXX_LIBRARY = "libc++";
				CLANG_ENABLE_MODULES = YES;
				CLANG_ENABLE_OBJC_ARC = YES;
				CLANG_ENABLE_OBJC_WEAK = YES;
				CLANG_WARN_BLOCK_CAPTURE_AUTORELEASING = YES;
				CLANG_WARN_BOOL_CONVERSION = YES;
				CLANG_WARN_COMMA = YES;
				CLANG_WARN_CONSTANT_CONVERSION = YES;
				CLANG_WARN_DEPRECATED_OBJC_IMPLEMENTATIONS = YES;
				CLANG_WARN_DIRECT_OBJC_ISA_USAGE = YES_ERROR;
				CLANG_WARN_DOCUMENTATION_COMMENTS = YES;
				CLANG_WARN_EMPTY_BODY = YES;
				CLANG_WARN_ENUM_CONVERSION = YES;
				CLANG_WARN_INFINITE_RECURSION = YES;
				CLANG_WARN_INT_CONVERSION = YES;
				CLANG_WARN_NON_LITERAL_NULL_CONVERSION = YES;
				CLANG_WARN_OBJC_IMPLICIT_RETAIN_SELF = YES;
				CLANG_WARN_OBJC_LITERAL_CONVERSION = YES;
				CLANG_WARN_OBJC_ROOT_CLASS = YES_ERROR;
				CLANG_WARN_QUOTED_INCLUDE_IN_FRAMEWORK_HEADER = YES;
				CLANG_WARN_RANGE_LOOP_ANALYSIS = YES;
				CLANG_WARN_STRICT_PROTOTYPES = YES;
				CLANG_WARN_SUSPICIOUS_MOVE = YES;
				CLANG_WARN_UNGUARDED_AVAILABILITY = YES_AGGRESSIVE;
				CLANG_WARN_UNREACHABLE_CODE = YES;
				CLANG_WARN__DUPLICATE_METHOD_MATCH = YES;
				COPY_PHASE_STRIP = NO;
				DEBUG_INFORMATION_FORMAT = "dwarf-with-dsym";
				ENABLE_NS_ASSERTIONS = NO;
				ENABLE_STRICT_OBJC_MSGSEND = YES;
				GCC_C_LANGUAGE_STANDARD = gnu11;
				GCC_NO_COMMON_BLOCKS = YES;
				GCC_WARN_64_TO_32_BIT_CONVERSION = YES;
				GCC_WARN_ABOUT_RETURN_TYPE = YES_ERROR;
				GCC_WARN_UNDECLARED_SELECTOR = YES;
				GCC_WARN_UNINITIALIZED_AUTOS = YES_AGGRESSIVE;
				GCC_WARN_UNUSED_FUNCTION = YES;
				GCC_WARN_UNUSED_VARIABLE = YES;
				IPHONEOS_DEPLOYMENT_TARGET = 14.0;
				MTL_ENABLE_DEBUG_INFO = NO;
				MTL_FAST_MATH = YES;
				SDKROOT = iphoneos;
				SWIFT_COMPILATION_MODE = wholemodule;
				SWIFT_OPTIMIZATION_LEVEL = "-O";
				VALIDATE_PRODUCT = YES;
			};
			name = Release;
		};
		043C8D3325247BF100D7AF4E /* Debug */ = {
			isa = XCBuildConfiguration;
			buildSettings = {
				ASSETCATALOG_COMPILER_APPICON_NAME = AppIcon;
				ASSETCATALOG_COMPILER_GLOBAL_ACCENT_COLOR_NAME = AccentColor;
				CODE_SIGN_STYLE = Automatic;
				DEVELOPMENT_TEAM = 3VZ7PRXSB7;
				INFOPLIST_FILE = tBeaconScanner/Info.plist;
				IPHONEOS_DEPLOYMENT_TARGET = 10.0;
				LD_RUNPATH_SEARCH_PATHS = (
					"$(inherited)",
					"@executable_path/Frameworks",
				);
				MARKETING_VERSION = 0.1;
				PRODUCT_BUNDLE_IDENTIFIER = com.wujidadi.tBeaconScanner;
				PRODUCT_NAME = "$(TARGET_NAME)";
				SWIFT_VERSION = 5.0;
				TARGETED_DEVICE_FAMILY = "1,2";
			};
			name = Debug;
		};
		043C8D3425247BF100D7AF4E /* Release */ = {
			isa = XCBuildConfiguration;
			buildSettings = {
				ASSETCATALOG_COMPILER_APPICON_NAME = AppIcon;
				ASSETCATALOG_COMPILER_GLOBAL_ACCENT_COLOR_NAME = AccentColor;
				CODE_SIGN_STYLE = Automatic;
				DEVELOPMENT_TEAM = 3VZ7PRXSB7;
				INFOPLIST_FILE = tBeaconScanner/Info.plist;
				IPHONEOS_DEPLOYMENT_TARGET = 10.0;
				LD_RUNPATH_SEARCH_PATHS = (
					"$(inherited)",
					"@executable_path/Frameworks",
				);
				MARKETING_VERSION = 0.1;
				PRODUCT_BUNDLE_IDENTIFIER = com.wujidadi.tBeaconScanner;
				PRODUCT_NAME = "$(TARGET_NAME)";
				SWIFT_VERSION = 5.0;
				TARGETED_DEVICE_FAMILY = "1,2";
			};
			name = Release;
		};
		043C8D3625247BF100D7AF4E /* Debug */ = {
			isa = XCBuildConfiguration;
			buildSettings = {
				ALWAYS_EMBED_SWIFT_STANDARD_LIBRARIES = YES;
				BUNDLE_LOADER = "$(TEST_HOST)";
				CODE_SIGN_STYLE = Automatic;
				DEVELOPMENT_TEAM = 3VZ7PRXSB7;
				INFOPLIST_FILE = tBeaconScannerTests/Info.plist;
				IPHONEOS_DEPLOYMENT_TARGET = 14.0;
				LD_RUNPATH_SEARCH_PATHS = (
					"$(inherited)",
					"@executable_path/Frameworks",
					"@loader_path/Frameworks",
				);
				PRODUCT_BUNDLE_IDENTIFIER = com.wujidadi.tBeaconScannerTests;
				PRODUCT_NAME = "$(TARGET_NAME)";
				SWIFT_VERSION = 5.0;
				TARGETED_DEVICE_FAMILY = "1,2";
				TEST_HOST = "$(BUILT_PRODUCTS_DIR)/tBeaconScanner.app/tBeaconScanner";
			};
			name = Debug;
		};
		043C8D3725247BF100D7AF4E /* Release */ = {
			isa = XCBuildConfiguration;
			buildSettings = {
				ALWAYS_EMBED_SWIFT_STANDARD_LIBRARIES = YES;
				BUNDLE_LOADER = "$(TEST_HOST)";
				CODE_SIGN_STYLE = Automatic;
				DEVELOPMENT_TEAM = 3VZ7PRXSB7;
				INFOPLIST_FILE = tBeaconScannerTests/Info.plist;
				IPHONEOS_DEPLOYMENT_TARGET = 14.0;
				LD_RUNPATH_SEARCH_PATHS = (
					"$(inherited)",
					"@executable_path/Frameworks",
					"@loader_path/Frameworks",
				);
				PRODUCT_BUNDLE_IDENTIFIER = com.wujidadi.tBeaconScannerTests;
				PRODUCT_NAME = "$(TARGET_NAME)";
				SWIFT_VERSION = 5.0;
				TARGETED_DEVICE_FAMILY = "1,2";
				TEST_HOST = "$(BUILT_PRODUCTS_DIR)/tBeaconScanner.app/tBeaconScanner";
			};
			name = Release;
		};
		043C8D3925247BF100D7AF4E /* Debug */ = {
			isa = XCBuildConfiguration;
			buildSettings = {
				ALWAYS_EMBED_SWIFT_STANDARD_LIBRARIES = YES;
				CODE_SIGN_STYLE = Automatic;
				DEVELOPMENT_TEAM = 3VZ7PRXSB7;
				INFOPLIST_FILE = tBeaconScannerUITests/Info.plist;
				LD_RUNPATH_SEARCH_PATHS = (
					"$(inherited)",
					"@executable_path/Frameworks",
					"@loader_path/Frameworks",
				);
				PRODUCT_BUNDLE_IDENTIFIER = com.wujidadi.tBeaconScannerUITests;
				PRODUCT_NAME = "$(TARGET_NAME)";
				SWIFT_VERSION = 5.0;
				TARGETED_DEVICE_FAMILY = "1,2";
				TEST_TARGET_NAME = tBeaconScanner;
			};
			name = Debug;
		};
		043C8D3A25247BF100D7AF4E /* Release */ = {
			isa = XCBuildConfiguration;
			buildSettings = {
				ALWAYS_EMBED_SWIFT_STANDARD_LIBRARIES = YES;
				CODE_SIGN_STYLE = Automatic;
				DEVELOPMENT_TEAM = 3VZ7PRXSB7;
				INFOPLIST_FILE = tBeaconScannerUITests/Info.plist;
				LD_RUNPATH_SEARCH_PATHS = (
					"$(inherited)",
					"@executable_path/Frameworks",
					"@loader_path/Frameworks",
				);
				PRODUCT_BUNDLE_IDENTIFIER = com.wujidadi.tBeaconScannerUITests;
				PRODUCT_NAME = "$(TARGET_NAME)";
				SWIFT_VERSION = 5.0;
				TARGETED_DEVICE_FAMILY = "1,2";
				TEST_TARGET_NAME = tBeaconScanner;
			};
			name = Release;
		};
/* End XCBuildConfiguration section */

/* Begin XCConfigurationList section */
		043C8D0325247BEF00D7AF4E /* Build configuration list for PBXProject "tBeaconScanner" */ = {
			isa = XCConfigurationList;
			buildConfigurations = (
				043C8D3025247BF100D7AF4E /* Debug */,
				043C8D3125247BF100D7AF4E /* Release */,
			);
			defaultConfigurationIsVisible = 0;
			defaultConfigurationName = Release;
		};
		043C8D3225247BF100D7AF4E /* Build configuration list for PBXNativeTarget "tBeaconScanner" */ = {
			isa = XCConfigurationList;
			buildConfigurations = (
				043C8D3325247BF100D7AF4E /* Debug */,
				043C8D3425247BF100D7AF4E /* Release */,
			);
			defaultConfigurationIsVisible = 0;
			defaultConfigurationName = Release;
		};
		043C8D3525247BF100D7AF4E /* Build configuration list for PBXNativeTarget "tBeaconScannerTests" */ = {
			isa = XCConfigurationList;
			buildConfigurations = (
				043C8D3625247BF100D7AF4E /* Debug */,
				043C8D3725247BF100D7AF4E /* Release */,
			);
			defaultConfigurationIsVisible = 0;
			defaultConfigurationName = Release;
		};
		043C8D3825247BF100D7AF4E /* Build configuration list for PBXNativeTarget "tBeaconScannerUITests" */ = {
			isa = XCConfigurationList;
			buildConfigurations = (
				043C8D3925247BF100D7AF4E /* Debug */,
				043C8D3A25247BF100D7AF4E /* Release */,
			);
			defaultConfigurationIsVisible = 0;
			defaultConfigurationName = Release;
		};
/* End XCConfigurationList section */
	};
	rootObject = 043C8D0025247BEF00D7AF4E /* Project object */;
}
